
Microsoft Visual Studio Solution File, Format Version 12.00
# Visual Studio Version 17
VisualStudioVersion = 17.3.32804.467
MinimumVisualStudioVersion = 10.0.40219.1
Project("{9A19103F-16F7-4668-BE54-9A1E7A4F7556}") = "WhiteBit.Net", "WhiteBit.Net\WhiteBit.Net.csproj", "{C199A488-A9AA-49BE-85F7-BA5ED767F7BF}"
EndProject
Project("{9A19103F-16F7-4668-BE54-9A1E7A4F7556}") = "WhiteBit.Net.Example", "WhiteBit.Net.Example\WhiteBit.Net.Example.csproj", "{2474710E-1AD6-49A3-96A9-C5727C4A4E81}"
EndProject
Global
	GlobalSection(SolutionConfigurationPlatforms) = preSolution
		Debug|Any CPU = Debug|Any CPU
		Release|Any CPU = Release|Any CPU
	EndGlobalSection
	GlobalSection(ProjectConfigurationPlatforms) = postSolution
		{C199A488-A9AA-49BE-85F7-BA5ED767F7BF}.Debug|Any CPU.ActiveCfg = Debug|Any CPU
		{C199A488-A9AA-49BE-85F7-BA5ED767F7BF}.Debug|Any CPU.Build.0 = Debug|Any CPU
		{C199A488-A9AA-49BE-85F7-BA5ED767F7BF}.Release|Any CPU.ActiveCfg = Release|Any CPU
		{C199A488-A9AA-49BE-85F7-BA5ED767F7BF}.Release|Any CPU.Build.0 = Release|Any CPU
		{2474710E-1AD6-49A3-96A9-C5727C4A4E81}.Debug|Any CPU.ActiveCfg = Debug|Any CPU
		{2474710E-1AD6-49A3-96A9-C5727C4A4E81}.Debug|Any CPU.Build.0 = Debug|Any CPU
		{2474710E-1AD6-49A3-96A9-C5727C4A4E81}.Release|Any CPU.ActiveCfg = Release|Any CPU
		{2474710E-1AD6-49A3-96A9-C5727C4A4E81}.Release|Any CPU.Build.0 = Release|Any CPU
	EndGlobalSection
	GlobalSection(SolutionProperties) = preSolution
		HideSolutionNode = FALSE
	EndGlobalSection
	GlobalSection(ExtensibilityGlobals) = postSolution
		SolutionGuid = {02A74749-80F8-4574-9FEE-FAD693473BC1}
	EndGlobalSection
	GlobalSection(MonoDevelopProperties) = preSolution
		Policies = $0
		$0.DotNetNamingPolicy = $1
		$1.DirectoryNamespaceAssociation = PrefixedHierarchical
		version = 0.1.1
	EndGlobalSection
EndGlobal
